
Microsoft Visual Studio Solution File, Format Version 12.00
# Visual Studio 15
VisualStudioVersion = 15.0.27703.2042
MinimumVisualStudioVersion = 10.0.40219.1
Project("{9A19103F-16F7-4668-BE54-9A1E7A4F7556}") = "EventSourceWebApi", "EventSourceWebApi\EventSourceWebApi.csproj", "{9F741BF0-0A5E-42FE-8122-DE94080CBE83}"
EndProject
Project("{9A19103F-16F7-4668-BE54-9A1E7A4F7556}") = "EventSource.Contracts", "..\..\Source\Repos\dotnet3\EventSource\EventSource.Contracts\EventSource.Contracts.csproj", "{48FE73ED-9FCA-419E-829D-46C8E136E29A}"
EndProject
Project("{9A19103F-16F7-4668-BE54-9A1E7A4F7556}") = "EventSource.DataContext", "..\..\Source\Repos\dotnet3\EventSource\EventSource.DataContext\EventSource.DataContext.csproj", "{F301E3DE-C915-4FB3-9B91-CB550AA7182F}"
EndProject
Project("{9A19103F-16F7-4668-BE54-9A1E7A4F7556}") = "EventSource.Domain", "..\..\Source\Repos\dotnet3\EventSource\EventSource.Domain\EventSource.Domain.csproj", "{95E37F12-C7F7-4D4B-B665-F53855ABD303}"
EndProject
Global
	GlobalSection(SolutionConfigurationPlatforms) = preSolution
		Debug|Any CPU = Debug|Any CPU
		Release|Any CPU = Release|Any CPU
	EndGlobalSection
	GlobalSection(ProjectConfigurationPlatforms) = postSolution
		{9F741BF0-0A5E-42FE-8122-DE94080CBE83}.Debug|Any CPU.ActiveCfg = Debug|Any CPU
		{9F741BF0-0A5E-42FE-8122-DE94080CBE83}.Debug|Any CPU.Build.0 = Debug|Any CPU
		{9F741BF0-0A5E-42FE-8122-DE94080CBE83}.Release|Any CPU.ActiveCfg = Release|Any CPU
		{9F741BF0-0A5E-42FE-8122-DE94080CBE83}.Release|Any CPU.Build.0 = Release|Any CPU
		{48FE73ED-9FCA-419E-829D-46C8E136E29A}.Debug|Any CPU.ActiveCfg = Debug|Any CPU
		{48FE73ED-9FCA-419E-829D-46C8E136E29A}.Debug|Any CPU.Build.0 = Debug|Any CPU
		{48FE73ED-9FCA-419E-829D-46C8E136E29A}.Release|Any CPU.ActiveCfg = Release|Any CPU
		{48FE73ED-9FCA-419E-829D-46C8E136E29A}.Release|Any CPU.Build.0 = Release|Any CPU
		{F301E3DE-C915-4FB3-9B91-CB550AA7182F}.Debug|Any CPU.ActiveCfg = Debug|Any CPU
		{F301E3DE-C915-4FB3-9B91-CB550AA7182F}.Debug|Any CPU.Build.0 = Debug|Any CPU
		{F301E3DE-C915-4FB3-9B91-CB550AA7182F}.Release|Any CPU.ActiveCfg = Release|Any CPU
		{F301E3DE-C915-4FB3-9B91-CB550AA7182F}.Release|Any CPU.Build.0 = Release|Any CPU
		{95E37F12-C7F7-4D4B-B665-F53855ABD303}.Debug|Any CPU.ActiveCfg = Debug|Any CPU
		{95E37F12-C7F7-4D4B-B665-F53855ABD303}.Debug|Any CPU.Build.0 = Debug|Any CPU
		{95E37F12-C7F7-4D4B-B665-F53855ABD303}.Release|Any CPU.ActiveCfg = Release|Any CPU
		{95E37F12-C7F7-4D4B-B665-F53855ABD303}.Release|Any CPU.Build.0 = Release|Any CPU
	EndGlobalSection
	GlobalSection(SolutionProperties) = preSolution
		HideSolutionNode = FALSE
	EndGlobalSection
	GlobalSection(ExtensibilityGlobals) = postSolution
		SolutionGuid = {D1B0DF9C-4A23-429B-8364-CC7FFEE1D0D6}
	EndGlobalSection
EndGlobal
