
Microsoft Visual Studio Solution File, Format Version 12.00
# Visual Studio 15
VisualStudioVersion = 15.0.27703.2042
MinimumVisualStudioVersion = 10.0.40219.1
Project("{9A19103F-16F7-4668-BE54-9A1E7A4F7556}") = "EventSourceWebApi", "EventSourceWebApi\EventSourceWebApi.csproj", "{9F741BF0-0A5E-42FE-8122-DE94080CBE83}"
EndProject
Project("{9A19103F-16F7-4668-BE54-9A1E7A4F7556}") = "EventSourceWebApi.Contracts", "EventSourceWebApi.Contracts\EventSourceWebApi.Contracts.csproj", "{FAA92B22-94B0-4ED0-A051-F4092D92611E}"
EndProject
Project("{9A19103F-16F7-4668-BE54-9A1E7A4F7556}") = "EventSourceWebApi.DataContext", "EventSourceWebApi.DataContext\EventSourceWebApi.DataContext.csproj", "{17C14B97-8EF2-4ACA-8D4A-D7EB762FAF1A}"
EndProject
Project("{9A19103F-16F7-4668-BE54-9A1E7A4F7556}") = "EventSourceWebApi.Domain", "EventSourceWebApi.Domain\EventSourceWebApi.Domain.csproj", "{32124EFC-261C-4349-97BA-34286BC26A91}"
EndProject
Project("{9A19103F-16F7-4668-BE54-9A1E7A4F7556}") = "EventSourceApiHttpClient", "EventSourceApiHttpClient\EventSourceApiHttpClient.csproj", "{181730CB-3173-401C-A0B0-9E0A102B0E9A}"
EndProject
Project("{FAE04EC0-301F-11D3-BF4B-00C04F79EFBC}") = "EventSource.Tests", "EventSource.Tests\EventSource.Tests.csproj", "{3C03DAE6-7084-4007-B583-234786BF360F}"
EndProject
Global
	GlobalSection(SolutionConfigurationPlatforms) = preSolution
		Debug|Any CPU = Debug|Any CPU
		Release|Any CPU = Release|Any CPU
	EndGlobalSection
	GlobalSection(ProjectConfigurationPlatforms) = postSolution
		{9F741BF0-0A5E-42FE-8122-DE94080CBE83}.Debug|Any CPU.ActiveCfg = Debug|Any CPU
		{9F741BF0-0A5E-42FE-8122-DE94080CBE83}.Debug|Any CPU.Build.0 = Debug|Any CPU
		{9F741BF0-0A5E-42FE-8122-DE94080CBE83}.Release|Any CPU.ActiveCfg = Release|Any CPU
		{9F741BF0-0A5E-42FE-8122-DE94080CBE83}.Release|Any CPU.Build.0 = Release|Any CPU
		{FAA92B22-94B0-4ED0-A051-F4092D92611E}.Debug|Any CPU.ActiveCfg = Debug|Any CPU
		{FAA92B22-94B0-4ED0-A051-F4092D92611E}.Debug|Any CPU.Build.0 = Debug|Any CPU
		{FAA92B22-94B0-4ED0-A051-F4092D92611E}.Release|Any CPU.ActiveCfg = Release|Any CPU
		{FAA92B22-94B0-4ED0-A051-F4092D92611E}.Release|Any CPU.Build.0 = Release|Any CPU
		{17C14B97-8EF2-4ACA-8D4A-D7EB762FAF1A}.Debug|Any CPU.ActiveCfg = Debug|Any CPU
		{17C14B97-8EF2-4ACA-8D4A-D7EB762FAF1A}.Debug|Any CPU.Build.0 = Debug|Any CPU
		{17C14B97-8EF2-4ACA-8D4A-D7EB762FAF1A}.Release|Any CPU.ActiveCfg = Release|Any CPU
		{17C14B97-8EF2-4ACA-8D4A-D7EB762FAF1A}.Release|Any CPU.Build.0 = Release|Any CPU
		{32124EFC-261C-4349-97BA-34286BC26A91}.Debug|Any CPU.ActiveCfg = Debug|Any CPU
		{32124EFC-261C-4349-97BA-34286BC26A91}.Debug|Any CPU.Build.0 = Debug|Any CPU
		{32124EFC-261C-4349-97BA-34286BC26A91}.Release|Any CPU.ActiveCfg = Release|Any CPU
		{32124EFC-261C-4349-97BA-34286BC26A91}.Release|Any CPU.Build.0 = Release|Any CPU
		{181730CB-3173-401C-A0B0-9E0A102B0E9A}.Debug|Any CPU.ActiveCfg = Debug|Any CPU
		{181730CB-3173-401C-A0B0-9E0A102B0E9A}.Debug|Any CPU.Build.0 = Debug|Any CPU
		{181730CB-3173-401C-A0B0-9E0A102B0E9A}.Release|Any CPU.ActiveCfg = Release|Any CPU
		{181730CB-3173-401C-A0B0-9E0A102B0E9A}.Release|Any CPU.Build.0 = Release|Any CPU
		{3C03DAE6-7084-4007-B583-234786BF360F}.Debug|Any CPU.ActiveCfg = Debug|Any CPU
		{3C03DAE6-7084-4007-B583-234786BF360F}.Debug|Any CPU.Build.0 = Debug|Any CPU
		{3C03DAE6-7084-4007-B583-234786BF360F}.Release|Any CPU.ActiveCfg = Release|Any CPU
		{3C03DAE6-7084-4007-B583-234786BF360F}.Release|Any CPU.Build.0 = Release|Any CPU
	EndGlobalSection
	GlobalSection(SolutionProperties) = preSolution
		HideSolutionNode = FALSE
	EndGlobalSection
	GlobalSection(ExtensibilityGlobals) = postSolution
		SolutionGuid = {D1B0DF9C-4A23-429B-8364-CC7FFEE1D0D6}
	EndGlobalSection
EndGlobal
